{
    "requires": true,
    "lockfileVersion": 1,
    "dependencies": {
        "debug": {
            "version": "2.6.9",
            "resolved": "https://registry.npmjs.org/debug/-/debug-2.6.9.tgz",
            "integrity": "sha512-bC7ElrdJaJnPbAP+1EotYvqZsb3ecl5wi6Bfi6BJTUcNowp6cvspg0jXznRTKDjm/E7AdgFBVeAPVMNcKGsHMA==",
            "requires": {
                "ms": "2.0.0"
            }
        },
        "exec-sh": {
            "version": "0.2.2",
            "resolved": "https://registry.npmjs.org/exec-sh/-/exec-sh-0.2.2.tgz",
            "integrity": "sha512-FIUCJz1RbuS0FKTdaAafAByGS0CPvU3R0MeHxgtl+djzCc//F8HakL8GzmVNZanasTbTAY/3DRFA0KpVqj/eAw==",
            "requires": {
                "merge": "^1.2.0"
            }
        },
        "fb-flo": {
            "version": "0.5.0",
            "resolved": "https://registry.npmjs.org/fb-flo/-/fb-flo-0.5.0.tgz",
            "integrity": "sha1-2M60oRRh2YjqjVLLYExBSHTkRWU=",
            "requires": {
                "sane": "~1.0.0",
                "websocket": "~1.0.8"
            }
        },
        "fb-watchman": {
            "version": "0.0.0",
            "resolved": "https://registry.npmjs.org/fb-watchman/-/fb-watchman-0.0.0.tgz",
            "integrity": "sha1-Cmd1gY3GEeMGCDOCWRyJwW9xLSQ=",
            "requires": {
                "json-stream": "0.2.2",
                "nextback": "~0.1.0"
            }
        },
        "is-typedarray": {
            "version": "1.0.0",
            "resolved": "https://registry.npmjs.org/is-typedarray/-/is-typedarray-1.0.0.tgz",
            "integrity": "sha1-5HnICFjfDBsR3dppQPlgEfzaSpo="
        },
        "json-stream": {
            "version": "0.2.2",
            "resolved": "https://registry.npmjs.org/json-stream/-/json-stream-0.2.2.tgz",
            "integrity": "sha1-CW4Tr4cuYE2RXePF3Lh2c2EcOPQ="
        },
        "lru-cache": {
            "version": "2.7.3",
            "resolved": "https://registry.npmjs.org/lru-cache/-/lru-cache-2.7.3.tgz",
            "integrity": "sha1-bUUk6LlV+V1PW1iFHOId1y+06VI="
        },
        "makeerror": {
            "version": "1.0.11",
            "resolved": "https://registry.npmjs.org/makeerror/-/makeerror-1.0.11.tgz",
            "integrity": "sha1-4BpckQnyr3lmDk6LlYd5AYT1qWw=",
            "requires": {
                "tmpl": "1.0.x"
            }
        },
        "merge": {
            "version": "1.2.1",
            "resolved": "https://registry.npmjs.org/merge/-/merge-1.2.1.tgz",
            "integrity": "sha512-VjFo4P5Whtj4vsLzsYBu5ayHhoHJ0UqNm7ibvShmbmoz7tGi0vXaoJbGdB+GmDMLUdg8DpQXEIeVDAe8MaABvQ=="
        },
        "minimatch": {
            "version": "0.2.14",
            "resolved": "https://registry.npmjs.org/minimatch/-/minimatch-0.2.14.tgz",
            "integrity": "sha1-x054BXT2PG+aCQ6Q775u9TpqdWo=",
            "requires": {
                "lru-cache": "2",
                "sigmund": "~1.0.0"
            }
        },
        "minimist": {
            "version": "1.2.0",
            "resolved": "https://registry.npmjs.org/minimist/-/minimist-1.2.0.tgz",
            "integrity": "sha1-o1AIsg9BOD7sH7kU9M1d95omQoQ="
        },
        "ms": {
            "version": "2.0.0",
            "resolved": "https://registry.npmjs.org/ms/-/ms-2.0.0.tgz",
            "integrity": "sha1-VgiurfwAvmwpAd9fmGF4jeDVl8g="
        },
        "nan": {
            "version": "2.13.2",
            "resolved": "https://registry.npmjs.org/nan/-/nan-2.13.2.tgz",
            "integrity": "sha512-TghvYc72wlMGMVMluVo9WRJc0mB8KxxF/gZ4YYFy7V2ZQX9l7rgbPg7vjS9mt6U5HXODVFVI2bOduCzwOMv/lw=="
        },
        "nextback": {
            "version": "0.1.0",
            "resolved": "https://registry.npmjs.org/nextback/-/nextback-0.1.0.tgz",
            "integrity": "sha1-hxODG2Lr7XA52qPz05vTr16xtHY="
        },
        "sane": {
            "version": "1.0.4",
            "resolved": "https://registry.npmjs.org/sane/-/sane-1.0.4.tgz",
            "integrity": "sha1-jd+j1S088SFx0FLCi84F7/EhGIE=",
            "requires": {
                "exec-sh": "^0.2.0",
                "fb-watchman": "0.0.0",
                "minimatch": "~0.2.14",
                "minimist": "^1.1.1",
                "walker": "~1.0.5",
                "watch": "~0.10.0"
            }
        },
        "sigmund": {
            "version": "1.0.1",
            "resolved": "https://registry.npmjs.org/sigmund/-/sigmund-1.0.1.tgz",
            "integrity": "sha1-P/IfGYytIXX587eBhT/ZTQ0ZtZA="
        },
        "tmpl": {
            "version": "1.0.4",
            "resolved": "https://registry.npmjs.org/tmpl/-/tmpl-1.0.4.tgz",
            "integrity": "sha1-I2QN17QtAEM5ERQIIOXPRA5SHdE="
        },
        "typedarray-to-buffer": {
            "version": "3.1.5",
            "resolved": "https://registry.npmjs.org/typedarray-to-buffer/-/typedarray-to-buffer-3.1.5.tgz",
            "integrity": "sha512-zdu8XMNEDepKKR+XYOXAVPtWui0ly0NtohUscw+UmaHiAWT8hrV1rr//H6V+0DvJ3OQ19S979M0laLfX8rm82Q==",
            "requires": {
                "is-typedarray": "^1.0.0"
            }
        },
        "walker": {
            "version": "1.0.7",
            "resolved": "https://registry.npmjs.org/walker/-/walker-1.0.7.tgz",
            "integrity": "sha1-L3+bj9ENZ3JisYqITijRlhjgKPs=",
            "requires": {
                "makeerror": "1.0.x"
            }
        },
        "watch": {
            "version": "0.10.0",
            "resolved": "https://registry.npmjs.org/watch/-/watch-0.10.0.tgz",
            "integrity": "sha1-d3mLLaD5kQ1ZXxrOWwwiWFIfIdw="
        },
        "websocket": {
            "version": "1.0.28",
            "resolved": "https://registry.npmjs.org/websocket/-/websocket-1.0.28.tgz",
            "integrity": "sha512-00y/20/80P7H4bCYkzuuvvfDvh+dgtXi5kzDf3UcZwN6boTYaKvsrtZ5lIYm1Gsg48siMErd9M4zjSYfYFHTrA==",
            "requires": {
                "debug": "^2.2.0",
                "nan": "^2.11.0",
                "typedarray-to-buffer": "^3.1.5",
                "yaeti": "^0.0.6"
            }
        },
        "yaeti": {
            "version": "0.0.6",
            "resolved": "https://registry.npmjs.org/yaeti/-/yaeti-0.0.6.tgz",
            "integrity": "sha1-8m9ITXJoTPQr7ft2lwqhYI+/lXc="
        }
    }
}
